// !$*UTF8*$!
{
	archiveVersion = 1;
	classes = {
	};
	objectVersion = 56;
	objects = {

/* Begin PBXBuildFile section */
		4C40D39B29E8480D00A8CF25 /* ExamplesApp.swift in Sources */ = {isa = PBXBuildFile; fileRef = 4C40D39A29E8480D00A8CF25 /* ExamplesApp.swift */; };
		4C40D39D29E8480D00A8CF25 /* ContentView.swift in Sources */ = {isa = PBXBuildFile; fileRef = 4C40D39C29E8480D00A8CF25 /* ContentView.swift */; };
		4C40D39F29E8480F00A8CF25 /* Assets.xcassets in Resources */ = {isa = PBXBuildFile; fileRef = 4C40D39E29E8480F00A8CF25 /* Assets.xcassets */; };
		4C40D3A229E8480F00A8CF25 /* Preview Assets.xcassets in Resources */ = {isa = PBXBuildFile; fileRef = 4C40D3A129E8480F00A8CF25 /* Preview Assets.xcassets */; };
		4C40D3AC29E8480F00A8CF25 /* ExamplesTests.swift in Sources */ = {isa = PBXBuildFile; fileRef = 4C40D3AB29E8480F00A8CF25 /* ExamplesTests.swift */; };
		4C40D3B629E8480F00A8CF25 /* ExamplesUITests.swift in Sources */ = {isa = PBXBuildFile; fileRef = 4C40D3B529E8480F00A8CF25 /* ExamplesUITests.swift */; };
		4C40D3B829E8480F00A8CF25 /* ExamplesUITestsLaunchTests.swift in Sources */ = {isa = PBXBuildFile; fileRef = 4C40D3B729E8480F00A8CF25 /* ExamplesUITestsLaunchTests.swift */; };
		4C40D3C829E8670500A8CF25 /* Loadable in Frameworks */ = {isa = PBXBuildFile; productRef = 4C40D3C729E8670500A8CF25 /* Loadable */; };
/* End PBXBuildFile section */

/* Begin PBXContainerItemProxy section */
		4C40D3A829E8480F00A8CF25 /* PBXContainerItemProxy */ = {
			isa = PBXContainerItemProxy;
			containerPortal = 4C40D38F29E8480D00A8CF25 /* Project object */;
			proxyType = 1;
			remoteGlobalIDString = 4C40D39629E8480D00A8CF25;
			remoteInfo = Examples;
		};
		4C40D3B229E8480F00A8CF25 /* PBXContainerItemProxy */ = {
			isa = PBXContainerItemProxy;
			containerPortal = 4C40D38F29E8480D00A8CF25 /* Project object */;
			proxyType = 1;
			remoteGlobalIDString = 4C40D39629E8480D00A8CF25;
			remoteInfo = Examples;
		};
/* End PBXContainerItemProxy section */

/* Begin PBXFileReference section */
		4C40D39729E8480D00A8CF25 /* Examples.app */ = {isa = PBXFileReference; explicitFileType = wrapper.application; includeInIndex = 0; path = Examples.app; sourceTree = BUILT_PRODUCTS_DIR; };
		4C40D39A29E8480D00A8CF25 /* ExamplesApp.swift */ = {isa = PBXFileReference; lastKnownFileType = sourcecode.swift; path = ExamplesApp.swift; sourceTree = "<group>"; };
		4C40D39C29E8480D00A8CF25 /* ContentView.swift */ = {isa = PBXFileReference; lastKnownFileType = sourcecode.swift; path = ContentView.swift; sourceTree = "<group>"; };
		4C40D39E29E8480F00A8CF25 /* Assets.xcassets */ = {isa = PBXFileReference; lastKnownFileType = folder.assetcatalog; path = Assets.xcassets; sourceTree = "<group>"; };
		4C40D3A129E8480F00A8CF25 /* Preview Assets.xcassets */ = {isa = PBXFileReference; lastKnownFileType = folder.assetcatalog; path = "Preview Assets.xcassets"; sourceTree = "<group>"; };
		4C40D3A729E8480F00A8CF25 /* ExamplesTests.xctest */ = {isa = PBXFileReference; explicitFileType = wrapper.cfbundle; includeInIndex = 0; path = ExamplesTests.xctest; sourceTree = BUILT_PRODUCTS_DIR; };
		4C40D3AB29E8480F00A8CF25 /* ExamplesTests.swift */ = {isa = PBXFileReference; lastKnownFileType = sourcecode.swift; path = ExamplesTests.swift; sourceTree = "<group>"; };
		4C40D3B129E8480F00A8CF25 /* ExamplesUITests.xctest */ = {isa = PBXFileReference; explicitFileType = wrapper.cfbundle; includeInIndex = 0; path = ExamplesUITests.xctest; sourceTree = BUILT_PRODUCTS_DIR; };
		4C40D3B529E8480F00A8CF25 /* ExamplesUITests.swift */ = {isa = PBXFileReference; lastKnownFileType = sourcecode.swift; path = ExamplesUITests.swift; sourceTree = "<group>"; };
		4C40D3B729E8480F00A8CF25 /* ExamplesUITestsLaunchTests.swift */ = {isa = PBXFileReference; lastKnownFileType = sourcecode.swift; path = ExamplesUITestsLaunchTests.swift; sourceTree = "<group>"; };
/* End PBXFileReference section */

/* Begin PBXFrameworksBuildPhase section */
		4C40D39429E8480D00A8CF25 /* Frameworks */ = {
			isa = PBXFrameworksBuildPhase;
			buildActionMask = 2147483647;
			files = (
				4C40D3C829E8670500A8CF25 /* Loadable in Frameworks */,
			);
			runOnlyForDeploymentPostprocessing = 0;
		};
		4C40D3A429E8480F00A8CF25 /* Frameworks */ = {
			isa = PBXFrameworksBuildPhase;
			buildActionMask = 2147483647;
			files = (
			);
			runOnlyForDeploymentPostprocessing = 0;
		};
		4C40D3AE29E8480F00A8CF25 /* Frameworks */ = {
			isa = PBXFrameworksBuildPhase;
			buildActionMask = 2147483647;
			files = (
			);
			runOnlyForDeploymentPostprocessing = 0;
		};
/* End PBXFrameworksBuildPhase section */

/* Begin PBXGroup section */
		4C40D38E29E8480D00A8CF25 = {
			isa = PBXGroup;
			children = (
				4C40D39929E8480D00A8CF25 /* Examples */,
				4C40D3AA29E8480F00A8CF25 /* ExamplesTests */,
				4C40D3B429E8480F00A8CF25 /* ExamplesUITests */,
				4C40D39829E8480D00A8CF25 /* Products */,
				4C40D3C429E8482300A8CF25 /* Frameworks */,
			);
			sourceTree = "<group>";
		};
		4C40D39829E8480D00A8CF25 /* Products */ = {
			isa = PBXGroup;
			children = (
				4C40D39729E8480D00A8CF25 /* Examples.app */,
				4C40D3A729E8480F00A8CF25 /* ExamplesTests.xctest */,
				4C40D3B129E8480F00A8CF25 /* ExamplesUITests.xctest */,
			);
			name = Products;
			sourceTree = "<group>";
		};
		4C40D39929E8480D00A8CF25 /* Examples */ = {
			isa = PBXGroup;
			children = (
				4C40D39A29E8480D00A8CF25 /* ExamplesApp.swift */,
				4C40D39C29E8480D00A8CF25 /* ContentView.swift */,
				4C40D39E29E8480F00A8CF25 /* Assets.xcassets */,
				4C40D3A029E8480F00A8CF25 /* Preview Content */,
			);
			path = Examples;
			sourceTree = "<group>";
		};
		4C40D3A029E8480F00A8CF25 /* Preview Content */ = {
			isa = PBXGroup;
			children = (
				4C40D3A129E8480F00A8CF25 /* Preview Assets.xcassets */,
			);
			path = "Preview Content";
			sourceTree = "<group>";
		};
		4C40D3AA29E8480F00A8CF25 /* ExamplesTests */ = {
			isa = PBXGroup;
			children = (
				4C40D3AB29E8480F00A8CF25 /* ExamplesTests.swift */,
			);
			path = ExamplesTests;
			sourceTree = "<group>";
		};
		4C40D3B429E8480F00A8CF25 /* ExamplesUITests */ = {
			isa = PBXGroup;
			children = (
				4C40D3B529E8480F00A8CF25 /* ExamplesUITests.swift */,
				4C40D3B729E8480F00A8CF25 /* ExamplesUITestsLaunchTests.swift */,
			);
			path = ExamplesUITests;
			sourceTree = "<group>";
		};
		4C40D3C429E8482300A8CF25 /* Frameworks */ = {
			isa = PBXGroup;
			children = (
			);
			name = Frameworks;
			sourceTree = "<group>";
		};
/* End PBXGroup section */

/* Begin PBXNativeTarget section */
		4C40D39629E8480D00A8CF25 /* Examples */ = {
			isa = PBXNativeTarget;
			buildConfigurationList = 4C40D3BB29E8480F00A8CF25 /* Build configuration list for PBXNativeTarget "Examples" */;
			buildPhases = (
				4C40D39329E8480D00A8CF25 /* Sources */,
				4C40D39429E8480D00A8CF25 /* Frameworks */,
				4C40D39529E8480D00A8CF25 /* Resources */,
			);
			buildRules = (
			);
			dependencies = (
			);
			name = Examples;
			packageProductDependencies = (
				4C40D3C729E8670500A8CF25 /* Loadable */,
			);
			productName = Examples;
			productReference = 4C40D39729E8480D00A8CF25 /* Examples.app */;
			productType = "com.apple.product-type.application";
		};
		4C40D3A629E8480F00A8CF25 /* ExamplesTests */ = {
			isa = PBXNativeTarget;
			buildConfigurationList = 4C40D3BE29E8480F00A8CF25 /* Build configuration list for PBXNativeTarget "ExamplesTests" */;
			buildPhases = (
				4C40D3A329E8480F00A8CF25 /* Sources */,
				4C40D3A429E8480F00A8CF25 /* Frameworks */,
				4C40D3A529E8480F00A8CF25 /* Resources */,
			);
			buildRules = (
			);
			dependencies = (
				4C40D3A929E8480F00A8CF25 /* PBXTargetDependency */,
			);
			name = ExamplesTests;
			productName = ExamplesTests;
			productReference = 4C40D3A729E8480F00A8CF25 /* ExamplesTests.xctest */;
			productType = "com.apple.product-type.bundle.unit-test";
		};
		4C40D3B029E8480F00A8CF25 /* ExamplesUITests */ = {
			isa = PBXNativeTarget;
			buildConfigurationList = 4C40D3C129E8480F00A8CF25 /* Build configuration list for PBXNativeTarget "ExamplesUITests" */;
			buildPhases = (
				4C40D3AD29E8480F00A8CF25 /* Sources */,
				4C40D3AE29E8480F00A8CF25 /* Frameworks */,
				4C40D3AF29E8480F00A8CF25 /* Resources */,
			);
			buildRules = (
			);
			dependencies = (
				4C40D3B329E8480F00A8CF25 /* PBXTargetDependency */,
			);
			name = ExamplesUITests;
			productName = ExamplesUITests;
			productReference = 4C40D3B129E8480F00A8CF25 /* ExamplesUITests.xctest */;
			productType = "com.apple.product-type.bundle.ui-testing";
		};
/* End PBXNativeTarget section */

/* Begin PBXProject section */
		4C40D38F29E8480D00A8CF25 /* Project object */ = {
			isa = PBXProject;
			attributes = {
				BuildIndependentTargetsInParallel = 1;
				LastSwiftUpdateCheck = 1430;
				LastUpgradeCheck = 1430;
				TargetAttributes = {
					4C40D39629E8480D00A8CF25 = {
						CreatedOnToolsVersion = 14.3;
					};
					4C40D3A629E8480F00A8CF25 = {
						CreatedOnToolsVersion = 14.3;
						TestTargetID = 4C40D39629E8480D00A8CF25;
					};
					4C40D3B029E8480F00A8CF25 = {
						CreatedOnToolsVersion = 14.3;
						TestTargetID = 4C40D39629E8480D00A8CF25;
					};
				};
			};
			buildConfigurationList = 4C40D39229E8480D00A8CF25 /* Build configuration list for PBXProject "Examples" */;
			compatibilityVersion = "Xcode 14.0";
			developmentRegion = en;
			hasScannedForEncodings = 0;
			knownRegions = (
				en,
				Base,
			);
			mainGroup = 4C40D38E29E8480D00A8CF25;
			productRefGroup = 4C40D39829E8480D00A8CF25 /* Products */;
			projectDirPath = "";
			projectRoot = "";
			targets = (
				4C40D39629E8480D00A8CF25 /* Examples */,
				4C40D3A629E8480F00A8CF25 /* ExamplesTests */,
				4C40D3B029E8480F00A8CF25 /* ExamplesUITests */,
			);
		};
/* End PBXProject section */

/* Begin PBXResourcesBuildPhase section */
		4C40D39529E8480D00A8CF25 /* Resources */ = {
			isa = PBXResourcesBuildPhase;
			buildActionMask = 2147483647;
			files = (
				4C40D3A229E8480F00A8CF25 /* Preview Assets.xcassets in Resources */,
				4C40D39F29E8480F00A8CF25 /* Assets.xcassets in Resources */,
			);
			runOnlyForDeploymentPostprocessing = 0;
		};
		4C40D3A529E8480F00A8CF25 /* Resources */ = {
			isa = PBXResourcesBuildPhase;
			buildActionMask = 2147483647;
			files = (
			);
			runOnlyForDeploymentPostprocessing = 0;
		};
		4C40D3AF29E8480F00A8CF25 /* Resources */ = {
			isa = PBXResourcesBuildPhase;
			buildActionMask = 2147483647;
			files = (
			);
			runOnlyForDeploymentPostprocessing = 0;
		};
/* End PBXResourcesBuildPhase section */

/* Begin PBXSourcesBuildPhase section */
		4C40D39329E8480D00A8CF25 /* Sources */ = {
			isa = PBXSourcesBuildPhase;
			buildActionMask = 2147483647;
			files = (
				4C40D39D29E8480D00A8CF25 /* ContentView.swift in Sources */,
				4C40D39B29E8480D00A8CF25 /* ExamplesApp.swift in Sources */,
			);
			runOnlyForDeploymentPostprocessing = 0;
		};
		4C40D3A329E8480F00A8CF25 /* Sources */ = {
			isa = PBXSourcesBuildPhase;
			buildActionMask = 2147483647;
			files = (
				4C40D3AC29E8480F00A8CF25 /* ExamplesTests.swift in Sources */,
			);
			runOnlyForDeploymentPostprocessing = 0;
		};
		4C40D3AD29E8480F00A8CF25 /* Sources */ = {
			isa = PBXSourcesBuildPhase;
			buildActionMask = 2147483647;
			files = (
				4C40D3B829E8480F00A8CF25 /* ExamplesUITestsLaunchTests.swift in Sources */,
				4C40D3B629E8480F00A8CF25 /* ExamplesUITests.swift in Sources */,
			);
			runOnlyForDeploymentPostprocessing = 0;
		};
/* End PBXSourcesBuildPhase section */

/* Begin PBXTargetDependency section */
		4C40D3A929E8480F00A8CF25 /* PBXTargetDependency */ = {
			isa = PBXTargetDependency;
			target = 4C40D39629E8480D00A8CF25 /* Examples */;
			targetProxy = 4C40D3A829E8480F00A8CF25 /* PBXContainerItemProxy */;
		};
		4C40D3B329E8480F00A8CF25 /* PBXTargetDependency */ = {
			isa = PBXTargetDependency;
			target = 4C40D39629E8480D00A8CF25 /* Examples */;
			targetProxy = 4C40D3B229E8480F00A8CF25 /* PBXContainerItemProxy */;
		};
/* End PBXTargetDependency section */

/* Begin XCBuildConfiguration section */
		4C40D3B929E8480F00A8CF25 /* Debug */ = {
			isa = XCBuildConfiguration;
			buildSettings = {
				ALWAYS_SEARCH_USER_PATHS = NO;
				CLANG_ANALYZER_NONNULL = YES;
				CLANG_ANALYZER_NUMBER_OBJECT_CONVERSION = YES_AGGRESSIVE;
				CLANG_CXX_LANGUAGE_STANDARD = "gnu++20";
				CLANG_ENABLE_MODULES = YES;
				CLANG_ENABLE_OBJC_ARC = YES;
				CLANG_ENABLE_OBJC_WEAK = YES;
				CLANG_WARN_BLOCK_CAPTURE_AUTORELEASING = YES;
				CLANG_WARN_BOOL_CONVERSION = YES;
				CLANG_WARN_COMMA = YES;
				CLANG_WARN_CONSTANT_CONVERSION = YES;
				CLANG_WARN_DEPRECATED_OBJC_IMPLEMENTATIONS = YES;
				CLANG_WARN_DIRECT_OBJC_ISA_USAGE = YES_ERROR;
				CLANG_WARN_DOCUMENTATION_COMMENTS = YES;
				CLANG_WARN_EMPTY_BODY = YES;
				CLANG_WARN_ENUM_CONVERSION = YES;
				CLANG_WARN_INFINITE_RECURSION = YES;
				CLANG_WARN_INT_CONVERSION = YES;
				CLANG_WARN_NON_LITERAL_NULL_CONVERSION = YES;
				CLANG_WARN_OBJC_IMPLICIT_RETAIN_SELF = YES;
				CLANG_WARN_OBJC_LITERAL_CONVERSION = YES;
				CLANG_WARN_OBJC_ROOT_CLASS = YES_ERROR;
				CLANG_WARN_QUOTED_INCLUDE_IN_FRAMEWORK_HEADER = YES;
				CLANG_WARN_RANGE_LOOP_ANALYSIS = YES;
				CLANG_WARN_STRICT_PROTOTYPES = YES;
				CLANG_WARN_SUSPICIOUS_MOVE = YES;
				CLANG_WARN_UNGUARDED_AVAILABILITY = YES_AGGRESSIVE;
				CLANG_WARN_UNREACHABLE_CODE = YES;
				CLANG_WARN__DUPLICATE_METHOD_MATCH = YES;
				COPY_PHASE_STRIP = NO;
				DEBUG_INFORMATION_FORMAT = dwarf;
				ENABLE_STRICT_OBJC_MSGSEND = YES;
				ENABLE_TESTABILITY = YES;
				GCC_C_LANGUAGE_STANDARD = gnu11;
				GCC_DYNAMIC_NO_PIC = NO;
				GCC_NO_COMMON_BLOCKS = YES;
				GCC_OPTIMIZATION_LEVEL = 0;
				GCC_PREPROCESSOR_DEFINITIONS = (
					"DEBUG=1",
					"$(inherited)",
				);
				GCC_WARN_64_TO_32_BIT_CONVERSION = YES;
				GCC_WARN_ABOUT_RETURN_TYPE = YES_ERROR;
				GCC_WARN_UNDECLARED_SELECTOR = YES;
				GCC_WARN_UNINITIALIZED_AUTOS = YES_AGGRESSIVE;
				GCC_WARN_UNUSED_FUNCTION = YES;
				GCC_WARN_UNUSED_VARIABLE = YES;
				IPHONEOS_DEPLOYMENT_TARGET = 16.4;
				MTL_ENABLE_DEBUG_INFO = INCLUDE_SOURCE;
				MTL_FAST_MATH = YES;
				ONLY_ACTIVE_ARCH = YES;
				SDKROOT = iphoneos;
				SWIFT_ACTIVE_COMPILATION_CONDITIONS = DEBUG;
				SWIFT_OPTIMIZATION_LEVEL = "-Onone";
			};
			name = Debug;
		};
		4C40D3BA29E8480F00A8CF25 /* Release */ = {
			isa = XCBuildConfiguration;
			buildSettings = {
				ALWAYS_SEARCH_USER_PATHS = NO;
				CLANG_ANALYZER_NONNULL = YES;
				CLANG_ANALYZER_NUMBER_OBJECT_CONVERSION = YES_AGGRESSIVE;
				CLANG_CXX_LANGUAGE_STANDARD = "gnu++20";
				CLANG_ENABLE_MODULES = YES;
				CLANG_ENABLE_OBJC_ARC = YES;
				CLANG_ENABLE_OBJC_WEAK = YES;
				CLANG_WARN_BLOCK_CAPTURE_AUTORELEASING = YES;
				CLANG_WARN_BOOL_CONVERSION = YES;
				CLANG_WARN_COMMA = YES;
				CLANG_WARN_CONSTANT_CONVERSION = YES;
				CLANG_WARN_DEPRECATED_OBJC_IMPLEMENTATIONS = YES;
				CLANG_WARN_DIRECT_OBJC_ISA_USAGE = YES_ERROR;
				CLANG_WARN_DOCUMENTATION_COMMENTS = YES;
				CLANG_WARN_EMPTY_BODY = YES;
				CLANG_WARN_ENUM_CONVERSION = YES;
				CLANG_WARN_INFINITE_RECURSION = YES;
				CLANG_WARN_INT_CONVERSION = YES;
				CLANG_WARN_NON_LITERAL_NULL_CONVERSION = YES;
				CLANG_WARN_OBJC_IMPLICIT_RETAIN_SELF = YES;
				CLANG_WARN_OBJC_LITERAL_CONVERSION = YES;
				CLANG_WARN_OBJC_ROOT_CLASS = YES_ERROR;
				CLANG_WARN_QUOTED_INCLUDE_IN_FRAMEWORK_HEADER = YES;
				CLANG_WARN_RANGE_LOOP_ANALYSIS = YES;
				CLANG_WARN_STRICT_PROTOTYPES = YES;
				CLANG_WARN_SUSPICIOUS_MOVE = YES;
				CLANG_WARN_UNGUARDED_AVAILABILITY = YES_AGGRESSIVE;
				CLANG_WARN_UNREACHABLE_CODE = YES;
				CLANG_WARN__DUPLICATE_METHOD_MATCH = YES;
				COPY_PHASE_STRIP = NO;
				DEBUG_INFORMATION_FORMAT = "dwarf-with-dsym";
				ENABLE_NS_ASSERTIONS = NO;
				ENABLE_STRICT_OBJC_MSGSEND = YES;
				GCC_C_LANGUAGE_STANDARD = gnu11;
				GCC_NO_COMMON_BLOCKS = YES;
				GCC_WARN_64_TO_32_BIT_CONVERSION = YES;
				GCC_WARN_ABOUT_RETURN_TYPE = YES_ERROR;
				GCC_WARN_UNDECLARED_SELECTOR = YES;
				GCC_WARN_UNINITIALIZED_AUTOS = YES_AGGRESSIVE;
				GCC_WARN_UNUSED_FUNCTION = YES;
				GCC_WARN_UNUSED_VARIABLE = YES;
				IPHONEOS_DEPLOYMENT_TARGET = 16.4;
				MTL_ENABLE_DEBUG_INFO = NO;
				MTL_FAST_MATH = YES;
				SDKROOT = iphoneos;
				SWIFT_COMPILATION_MODE = wholemodule;
				SWIFT_OPTIMIZATION_LEVEL = "-O";
				VALIDATE_PRODUCT = YES;
			};
			name = Release;
		};
		4C40D3BC29E8480F00A8CF25 /* Debug */ = {
			isa = XCBuildConfiguration;
			buildSettings = {
				ASSETCATALOG_COMPILER_APPICON_NAME = AppIcon;
				ASSETCATALOG_COMPILER_GLOBAL_ACCENT_COLOR_NAME = AccentColor;
				CODE_SIGN_STYLE = Automatic;
				CURRENT_PROJECT_VERSION = 1;
				DEVELOPMENT_ASSET_PATHS = "\"Examples/Preview Content\"";
				DEVELOPMENT_TEAM = QWY654725W;
				ENABLE_PREVIEWS = YES;
				GENERATE_INFOPLIST_FILE = YES;
				INFOPLIST_KEY_UIApplicationSceneManifest_Generation = YES;
				INFOPLIST_KEY_UIApplicationSupportsIndirectInputEvents = YES;
				INFOPLIST_KEY_UILaunchScreen_Generation = YES;
				INFOPLIST_KEY_UISupportedInterfaceOrientations_iPad = "UIInterfaceOrientationPortrait UIInterfaceOrientationPortraitUpsideDown UIInterfaceOrientationLandscapeLeft UIInterfaceOrientationLandscapeRight";
				INFOPLIST_KEY_UISupportedInterfaceOrientations_iPhone = "UIInterfaceOrientationPortrait UIInterfaceOrientationLandscapeLeft UIInterfaceOrientationLandscapeRight";
				LD_RUNPATH_SEARCH_PATHS = (
					"$(inherited)",
					"@executable_path/Frameworks",
				);
				MARKETING_VERSION = 1.0;
				PRODUCT_BUNDLE_IDENTIFIER = com.hhe.Examples;
				PRODUCT_NAME = "$(TARGET_NAME)";
				SWIFT_EMIT_LOC_STRINGS = YES;
				SWIFT_VERSION = 5.0;
				TARGETED_DEVICE_FAMILY = "1,2";
			};
			name = Debug;
		};
		4C40D3BD29E8480F00A8CF25 /* Release */ = {
			isa = XCBuildConfiguration;
			buildSettings = {
				ASSETCATALOG_COMPILER_APPICON_NAME = AppIcon;
				ASSETCATALOG_COMPILER_GLOBAL_ACCENT_COLOR_NAME = AccentColor;
				CODE_SIGN_STYLE = Automatic;
				CURRENT_PROJECT_VERSION = 1;
				DEVELOPMENT_ASSET_PATHS = "\"Examples/Preview Content\"";
				DEVELOPMENT_TEAM = QWY654725W;
				ENABLE_PREVIEWS = YES;
				GENERATE_INFOPLIST_FILE = YES;
				INFOPLIST_KEY_UIApplicationSceneManifest_Generation = YES;
				INFOPLIST_KEY_UIApplicationSupportsIndirectInputEvents = YES;
				INFOPLIST_KEY_UILaunchScreen_Generation = YES;
				INFOPLIST_KEY_UISupportedInterfaceOrientations_iPad = "UIInterfaceOrientationPortrait UIInterfaceOrientationPortraitUpsideDown UIInterfaceOrientationLandscapeLeft UIInterfaceOrientationLandscapeRight";
				INFOPLIST_KEY_UISupportedInterfaceOrientations_iPhone = "UIInterfaceOrientationPortrait UIInterfaceOrientationLandscapeLeft UIInterfaceOrientationLandscapeRight";
				LD_RUNPATH_SEARCH_PATHS = (
					"$(inherited)",
					"@executable_path/Frameworks",
				);
				MARKETING_VERSION = 1.0;
				PRODUCT_BUNDLE_IDENTIFIER = com.hhe.Examples;
				PRODUCT_NAME = "$(TARGET_NAME)";
				SWIFT_EMIT_LOC_STRINGS = YES;
				SWIFT_VERSION = 5.0;
				TARGETED_DEVICE_FAMILY = "1,2";
			};
			name = Release;
		};
		4C40D3BF29E8480F00A8CF25 /* Debug */ = {
			isa = XCBuildConfiguration;
			buildSettings = {
				ALWAYS_EMBED_SWIFT_STANDARD_LIBRARIES = YES;
				BUNDLE_LOADER = "$(TEST_HOST)";
				CODE_SIGN_STYLE = Automatic;
				CURRENT_PROJECT_VERSION = 1;
				DEVELOPMENT_TEAM = QWY654725W;
				GENERATE_INFOPLIST_FILE = YES;
				IPHONEOS_DEPLOYMENT_TARGET = 16.4;
				MARKETING_VERSION = 1.0;
				PRODUCT_BUNDLE_IDENTIFIER = com.hhe.ExamplesTests;
				PRODUCT_NAME = "$(TARGET_NAME)";
				SWIFT_EMIT_LOC_STRINGS = NO;
				SWIFT_VERSION = 5.0;
				TARGETED_DEVICE_FAMILY = "1,2";
				TEST_HOST = "$(BUILT_PRODUCTS_DIR)/Examples.app/$(BUNDLE_EXECUTABLE_FOLDER_PATH)/Examples";
			};
			name = Debug;
		};
		4C40D3C029E8480F00A8CF25 /* Release */ = {
			isa = XCBuildConfiguration;
			buildSettings = {
				ALWAYS_EMBED_SWIFT_STANDARD_LIBRARIES = YES;
				BUNDLE_LOADER = "$(TEST_HOST)";
				CODE_SIGN_STYLE = Automatic;
				CURRENT_PROJECT_VERSION = 1;
				DEVELOPMENT_TEAM = QWY654725W;
				GENERATE_INFOPLIST_FILE = YES;
				IPHONEOS_DEPLOYMENT_TARGET = 16.4;
				MARKETING_VERSION = 1.0;
				PRODUCT_BUNDLE_IDENTIFIER = com.hhe.ExamplesTests;
				PRODUCT_NAME = "$(TARGET_NAME)";
				SWIFT_EMIT_LOC_STRINGS = NO;
				SWIFT_VERSION = 5.0;
				TARGETED_DEVICE_FAMILY = "1,2";
				TEST_HOST = "$(BUILT_PRODUCTS_DIR)/Examples.app/$(BUNDLE_EXECUTABLE_FOLDER_PATH)/Examples";
			};
			name = Release;
		};
		4C40D3C229E8480F00A8CF25 /* Debug */ = {
			isa = XCBuildConfiguration;
			buildSettings = {
				ALWAYS_EMBED_SWIFT_STANDARD_LIBRARIES = YES;
				CODE_SIGN_STYLE = Automatic;
				CURRENT_PROJECT_VERSION = 1;
				DEVELOPMENT_TEAM = QWY654725W;
				GENERATE_INFOPLIST_FILE = YES;
				MARKETING_VERSION = 1.0;
				PRODUCT_BUNDLE_IDENTIFIER = com.hhe.ExamplesUITests;
				PRODUCT_NAME = "$(TARGET_NAME)";
				SWIFT_EMIT_LOC_STRINGS = NO;
				SWIFT_VERSION = 5.0;
				TARGETED_DEVICE_FAMILY = "1,2";
				TEST_TARGET_NAME = Examples;
			};
			name = Debug;
		};
		4C40D3C329E8480F00A8CF25 /* Release */ = {
			isa = XCBuildConfiguration;
			buildSettings = {
				ALWAYS_EMBED_SWIFT_STANDARD_LIBRARIES = YES;
				CODE_SIGN_STYLE = Automatic;
				CURRENT_PROJECT_VERSION = 1;
				DEVELOPMENT_TEAM = QWY654725W;
				GENERATE_INFOPLIST_FILE = YES;
				MARKETING_VERSION = 1.0;
				PRODUCT_BUNDLE_IDENTIFIER = com.hhe.ExamplesUITests;
				PRODUCT_NAME = "$(TARGET_NAME)";
				SWIFT_EMIT_LOC_STRINGS = NO;
				SWIFT_VERSION = 5.0;
				TARGETED_DEVICE_FAMILY = "1,2";
				TEST_TARGET_NAME = Examples;
			};
			name = Release;
		};
/* End XCBuildConfiguration section */

/* Begin XCConfigurationList section */
		4C40D39229E8480D00A8CF25 /* Build configuration list for PBXProject "Examples" */ = {
			isa = XCConfigurationList;
			buildConfigurations = (
				4C40D3B929E8480F00A8CF25 /* Debug */,
				4C40D3BA29E8480F00A8CF25 /* Release */,
			);
			defaultConfigurationIsVisible = 0;
			defaultConfigurationName = Release;
		};
		4C40D3BB29E8480F00A8CF25 /* Build configuration list for PBXNativeTarget "Examples" */ = {
			isa = XCConfigurationList;
			buildConfigurations = (
				4C40D3BC29E8480F00A8CF25 /* Debug */,
				4C40D3BD29E8480F00A8CF25 /* Release */,
			);
			defaultConfigurationIsVisible = 0;
			defaultConfigurationName = Release;
		};
		4C40D3BE29E8480F00A8CF25 /* Build configuration list for PBXNativeTarget "ExamplesTests" */ = {
			isa = XCConfigurationList;
			buildConfigurations = (
				4C40D3BF29E8480F00A8CF25 /* Debug */,
				4C40D3C029E8480F00A8CF25 /* Release */,
			);
			defaultConfigurationIsVisible = 0;
			defaultConfigurationName = Release;
		};
		4C40D3C129E8480F00A8CF25 /* Build configuration list for PBXNativeTarget "ExamplesUITests" */ = {
			isa = XCConfigurationList;
			buildConfigurations = (
				4C40D3C229E8480F00A8CF25 /* Debug */,
				4C40D3C329E8480F00A8CF25 /* Release */,
			);
			defaultConfigurationIsVisible = 0;
			defaultConfigurationName = Release;
		};
/* End XCConfigurationList section */

/* Begin XCSwiftPackageProductDependency section */
		4C40D3C729E8670500A8CF25 /* Loadable */ = {
			isa = XCSwiftPackageProductDependency;
			productName = Loadable;
		};
/* End XCSwiftPackageProductDependency section */
	};
	rootObject = 4C40D38F29E8480D00A8CF25 /* Project object */;
}
